
Microsoft Visual Studio Solution File, Format Version 12.00
# Visual Studio Version 16
VisualStudioVersion = 16.0.31613.86
MinimumVisualStudioVersion = 10.0.40219.1
Project("{FAE04EC0-301F-11D3-BF4B-00C04F79EFBC}") = "SRP", "SRP\SRP.csproj", "{C9601651-73A1-45BB-B7FE-669F821D4931}"
EndProject
Project("{FAE04EC0-301F-11D3-BF4B-00C04F79EFBC}") = "OCP", "OCP\OCP.csproj", "{1BCD2227-34C9-416D-9D25-D092202FE6D8}"
EndProject
Global
	GlobalSection(SolutionConfigurationPlatforms) = preSolution
		Debug|Any CPU = Debug|Any CPU
		Release|Any CPU = Release|Any CPU
	EndGlobalSection
	GlobalSection(ProjectConfigurationPlatforms) = postSolution
		{C9601651-73A1-45BB-B7FE-669F821D4931}.Debug|Any CPU.ActiveCfg = Debug|Any CPU
		{C9601651-73A1-45BB-B7FE-669F821D4931}.Debug|Any CPU.Build.0 = Debug|Any CPU
		{C9601651-73A1-45BB-B7FE-669F821D4931}.Release|Any CPU.ActiveCfg = Release|Any CPU
		{C9601651-73A1-45BB-B7FE-669F821D4931}.Release|Any CPU.Build.0 = Release|Any CPU
		{1BCD2227-34C9-416D-9D25-D092202FE6D8}.Debug|Any CPU.ActiveCfg = Debug|Any CPU
		{1BCD2227-34C9-416D-9D25-D092202FE6D8}.Debug|Any CPU.Build.0 = Debug|Any CPU
		{1BCD2227-34C9-416D-9D25-D092202FE6D8}.Release|Any CPU.ActiveCfg = Release|Any CPU
		{1BCD2227-34C9-416D-9D25-D092202FE6D8}.Release|Any CPU.Build.0 = Release|Any CPU
	EndGlobalSection
	GlobalSection(SolutionProperties) = preSolution
		HideSolutionNode = FALSE
	EndGlobalSection
	GlobalSection(ExtensibilityGlobals) = postSolution
		SolutionGuid = {1664C0FE-6E7E-44C5-A7F3-40D785724351}
	EndGlobalSection
EndGlobal
